
Microsoft Visual Studio Solution File, Format Version 12.00
# Visual Studio Version 17
VisualStudioVersion = 17.4.33403.182
MinimumVisualStudioVersion = 10.0.40219.1
Project("{9A19103F-16F7-4668-BE54-9A1E7A4F7556}") = "Legion_IX", "Legion_IX\Legion_IX.csproj", "{0D7D48B9-A536-457B-9028-E91E551F7BE3}"
EndProject
Global
	GlobalSection(SolutionConfigurationPlatforms) = preSolution
		Debug|Any CPU = Debug|Any CPU
		Release|Any CPU = Release|Any CPU
	EndGlobalSection
	GlobalSection(ProjectConfigurationPlatforms) = postSolution
		{0D7D48B9-A536-457B-9028-E91E551F7BE3}.Debug|Any CPU.ActiveCfg = Debug|Any CPU
		{0D7D48B9-A536-457B-9028-E91E551F7BE3}.Debug|Any CPU.Build.0 = Debug|Any CPU
		{0D7D48B9-A536-457B-9028-E91E551F7BE3}.Release|Any CPU.ActiveCfg = Release|Any CPU
		{0D7D48B9-A536-457B-9028-E91E551F7BE3}.Release|Any CPU.Build.0 = Release|Any CPU
	EndGlobalSection
	GlobalSection(SolutionProperties) = preSolution
		HideSolutionNode = FALSE
	EndGlobalSection
	GlobalSection(ExtensibilityGlobals) = postSolution
		SolutionGuid = {0F2680ED-52F1-46F8-8AC3-AA86CF3874A2}
	EndGlobalSection
EndGlobal
